
Microsoft Visual Studio Solution File, Format Version 12.00
# Visual Studio Version 16
VisualStudioVersion = 16.0.34031.81
MinimumVisualStudioVersion = 10.0.40219.1
Project("{2150E333-8FDC-42A3-9474-1A3956D46DE8}") = "Task0", "Task0", "{CF033BEA-F9D3-4B34-BFDE-85E9A3890D59}"
EndProject
Project("{FAE04EC0-301F-11D3-BF4B-00C04F79EFBC}") = "Tyuiu.ModenovaAP.Sprint5.Task0.V11", "Tyuiu.ModenovaAP.Sprint5.Task0.V11\Tyuiu.ModenovaAP.Sprint5.Task0.V11.csproj", "{0347A8A1-1360-4DF3-BAA6-FA0278986989}"
EndProject
Project("{FAE04EC0-301F-11D3-BF4B-00C04F79EFBC}") = "Tyuiu.ModenovaAP.Sprint5.Task0.V11.Lib", "Tyuiu.ModenovaAP.Sprint5.Task0.V11.Lib\Tyuiu.ModenovaAP.Sprint5.Task0.V11.Lib.csproj", "{23721542-8003-4402-822D-7F779249FA3D}"
EndProject
Project("{FAE04EC0-301F-11D3-BF4B-00C04F79EFBC}") = "Tyuiu.ModenovaAP.Sprint5.Task0.V11.Test", "Tyuiu.ModenovaAP.Sprint5.Task0.V11.Test\Tyuiu.ModenovaAP.Sprint5.Task0.V11.Test.csproj", "{AE43EF0D-540C-4B86-91C2-74183DFF5728}"
EndProject
Project("{2150E333-8FDC-42A3-9474-1A3956D46DE8}") = "Task1", "Task1", "{634E6097-2555-4F7E-9CB0-D81B0CBD329A}"
EndProject
Project("{FAE04EC0-301F-11D3-BF4B-00C04F79EFBC}") = "Tyuiu.ModenovaAP.Sprint5.Task1.V18", "Tyuiu.ModenovaAP.Sprint5.Task1.V18\Tyuiu.ModenovaAP.Sprint5.Task1.V18.csproj", "{1220D59F-1701-43AB-8F10-C10AFEF52590}"
EndProject
Project("{FAE04EC0-301F-11D3-BF4B-00C04F79EFBC}") = "Tyuiu.ModenovaAP.Sprint5.Task1.V18.Lib", "Tyuiu.ModenovaAP.Sprint5.Task1.V18.Lib\Tyuiu.ModenovaAP.Sprint5.Task1.V18.Lib.csproj", "{C85A12D0-FD4B-4329-AFF5-A22937D284EC}"
EndProject
Project("{FAE04EC0-301F-11D3-BF4B-00C04F79EFBC}") = "Tyuiu.ModenovaAP.Sprint5.Task1.V18.Test", "Tyuiu.ModenovaAP.Sprint5.Task1.V18.Test\Tyuiu.ModenovaAP.Sprint5.Task1.V18.Test.csproj", "{644EEED7-FFC2-44A3-9A4D-4EA388716D1F}"
EndProject
Project("{2150E333-8FDC-42A3-9474-1A3956D46DE8}") = "Task2", "Task2", "{97C81E48-C304-4A09-A71C-6663904E469C}"
EndProject
Project("{FAE04EC0-301F-11D3-BF4B-00C04F79EFBC}") = "Tyuiu.ModenovaAP.Sprint5.Task2.V4", "Tyuiu.ModenovaAP.Sprint5.Task2.V4\Tyuiu.ModenovaAP.Sprint5.Task2.V4.csproj", "{38A74839-A896-49D3-8EB0-4572AF7C31AF}"
EndProject
Project("{FAE04EC0-301F-11D3-BF4B-00C04F79EFBC}") = "Tyuiu.ModenovaAP.Sprint5.Task2.V4.Lib", "Tyuiu.ModenovaAP.Sprint5.Task2.V4.Lib\Tyuiu.ModenovaAP.Sprint5.Task2.V4.Lib.csproj", "{9D7BF950-A796-46F3-B6DE-76F334738E91}"
EndProject
Project("{FAE04EC0-301F-11D3-BF4B-00C04F79EFBC}") = "Tyuiu.ModenovaAP.Sprint5.Task2.V4.Test", "Tyuiu.ModenovaAP.Sprint5.Task2.V4.Test\Tyuiu.ModenovaAP.Sprint5.Task2.V4.Test.csproj", "{572883DB-A81A-479B-A7CA-F6BB9BB17961}"
EndProject
Global
	GlobalSection(SolutionConfigurationPlatforms) = preSolution
		Debug|Any CPU = Debug|Any CPU
		Release|Any CPU = Release|Any CPU
	EndGlobalSection
	GlobalSection(ProjectConfigurationPlatforms) = postSolution
		{0347A8A1-1360-4DF3-BAA6-FA0278986989}.Debug|Any CPU.ActiveCfg = Debug|Any CPU
		{0347A8A1-1360-4DF3-BAA6-FA0278986989}.Debug|Any CPU.Build.0 = Debug|Any CPU
		{0347A8A1-1360-4DF3-BAA6-FA0278986989}.Release|Any CPU.ActiveCfg = Release|Any CPU
		{0347A8A1-1360-4DF3-BAA6-FA0278986989}.Release|Any CPU.Build.0 = Release|Any CPU
		{23721542-8003-4402-822D-7F779249FA3D}.Debug|Any CPU.ActiveCfg = Debug|Any CPU
		{23721542-8003-4402-822D-7F779249FA3D}.Debug|Any CPU.Build.0 = Debug|Any CPU
		{23721542-8003-4402-822D-7F779249FA3D}.Release|Any CPU.ActiveCfg = Release|Any CPU
		{23721542-8003-4402-822D-7F779249FA3D}.Release|Any CPU.Build.0 = Release|Any CPU
		{AE43EF0D-540C-4B86-91C2-74183DFF5728}.Debug|Any CPU.ActiveCfg = Debug|Any CPU
		{AE43EF0D-540C-4B86-91C2-74183DFF5728}.Debug|Any CPU.Build.0 = Debug|Any CPU
		{AE43EF0D-540C-4B86-91C2-74183DFF5728}.Release|Any CPU.ActiveCfg = Release|Any CPU
		{AE43EF0D-540C-4B86-91C2-74183DFF5728}.Release|Any CPU.Build.0 = Release|Any CPU
		{1220D59F-1701-43AB-8F10-C10AFEF52590}.Debug|Any CPU.ActiveCfg = Debug|Any CPU
		{1220D59F-1701-43AB-8F10-C10AFEF52590}.Debug|Any CPU.Build.0 = Debug|Any CPU
		{1220D59F-1701-43AB-8F10-C10AFEF52590}.Release|Any CPU.ActiveCfg = Release|Any CPU
		{1220D59F-1701-43AB-8F10-C10AFEF52590}.Release|Any CPU.Build.0 = Release|Any CPU
		{C85A12D0-FD4B-4329-AFF5-A22937D284EC}.Debug|Any CPU.ActiveCfg = Debug|Any CPU
		{C85A12D0-FD4B-4329-AFF5-A22937D284EC}.Debug|Any CPU.Build.0 = Debug|Any CPU
		{C85A12D0-FD4B-4329-AFF5-A22937D284EC}.Release|Any CPU.ActiveCfg = Release|Any CPU
		{C85A12D0-FD4B-4329-AFF5-A22937D284EC}.Release|Any CPU.Build.0 = Release|Any CPU
		{644EEED7-FFC2-44A3-9A4D-4EA388716D1F}.Debug|Any CPU.ActiveCfg = Debug|Any CPU
		{644EEED7-FFC2-44A3-9A4D-4EA388716D1F}.Debug|Any CPU.Build.0 = Debug|Any CPU
		{644EEED7-FFC2-44A3-9A4D-4EA388716D1F}.Release|Any CPU.ActiveCfg = Release|Any CPU
		{644EEED7-FFC2-44A3-9A4D-4EA388716D1F}.Release|Any CPU.Build.0 = Release|Any CPU
		{38A74839-A896-49D3-8EB0-4572AF7C31AF}.Debug|Any CPU.ActiveCfg = Debug|Any CPU
		{38A74839-A896-49D3-8EB0-4572AF7C31AF}.Debug|Any CPU.Build.0 = Debug|Any CPU
		{38A74839-A896-49D3-8EB0-4572AF7C31AF}.Release|Any CPU.ActiveCfg = Release|Any CPU
		{38A74839-A896-49D3-8EB0-4572AF7C31AF}.Release|Any CPU.Build.0 = Release|Any CPU
		{9D7BF950-A796-46F3-B6DE-76F334738E91}.Debug|Any CPU.ActiveCfg = Debug|Any CPU
		{9D7BF950-A796-46F3-B6DE-76F334738E91}.Debug|Any CPU.Build.0 = Debug|Any CPU
		{9D7BF950-A796-46F3-B6DE-76F334738E91}.Release|Any CPU.ActiveCfg = Release|Any CPU
		{9D7BF950-A796-46F3-B6DE-76F334738E91}.Release|Any CPU.Build.0 = Release|Any CPU
		{572883DB-A81A-479B-A7CA-F6BB9BB17961}.Debug|Any CPU.ActiveCfg = Debug|Any CPU
		{572883DB-A81A-479B-A7CA-F6BB9BB17961}.Debug|Any CPU.Build.0 = Debug|Any CPU
		{572883DB-A81A-479B-A7CA-F6BB9BB17961}.Release|Any CPU.ActiveCfg = Release|Any CPU
		{572883DB-A81A-479B-A7CA-F6BB9BB17961}.Release|Any CPU.Build.0 = Release|Any CPU
	EndGlobalSection
	GlobalSection(SolutionProperties) = preSolution
		HideSolutionNode = FALSE
	EndGlobalSection
	GlobalSection(NestedProjects) = preSolution
		{0347A8A1-1360-4DF3-BAA6-FA0278986989} = {CF033BEA-F9D3-4B34-BFDE-85E9A3890D59}
		{23721542-8003-4402-822D-7F779249FA3D} = {CF033BEA-F9D3-4B34-BFDE-85E9A3890D59}
		{AE43EF0D-540C-4B86-91C2-74183DFF5728} = {CF033BEA-F9D3-4B34-BFDE-85E9A3890D59}
		{1220D59F-1701-43AB-8F10-C10AFEF52590} = {634E6097-2555-4F7E-9CB0-D81B0CBD329A}
		{C85A12D0-FD4B-4329-AFF5-A22937D284EC} = {634E6097-2555-4F7E-9CB0-D81B0CBD329A}
		{644EEED7-FFC2-44A3-9A4D-4EA388716D1F} = {634E6097-2555-4F7E-9CB0-D81B0CBD329A}
		{38A74839-A896-49D3-8EB0-4572AF7C31AF} = {97C81E48-C304-4A09-A71C-6663904E469C}
		{9D7BF950-A796-46F3-B6DE-76F334738E91} = {97C81E48-C304-4A09-A71C-6663904E469C}
		{572883DB-A81A-479B-A7CA-F6BB9BB17961} = {97C81E48-C304-4A09-A71C-6663904E469C}
	EndGlobalSection
	GlobalSection(ExtensibilityGlobals) = postSolution
		SolutionGuid = {8FE7C220-AC59-4467-BAC5-DEEDEB9F41D0}
	EndGlobalSection
EndGlobal
