
Microsoft Visual Studio Solution File, Format Version 12.00
# Visual Studio Version 16
VisualStudioVersion = 16.0.34031.81
MinimumVisualStudioVersion = 10.0.40219.1
Project("{2150E333-8FDC-42A3-9474-1A3956D46DE8}") = "Task0", "Task0", "{CF033BEA-F9D3-4B34-BFDE-85E9A3890D59}"
EndProject
Project("{FAE04EC0-301F-11D3-BF4B-00C04F79EFBC}") = "Tyuiu.ModenovaAP.Sprint5.Task0.V11", "Tyuiu.ModenovaAP.Sprint5.Task0.V11\Tyuiu.ModenovaAP.Sprint5.Task0.V11.csproj", "{0347A8A1-1360-4DF3-BAA6-FA0278986989}"
EndProject
Project("{FAE04EC0-301F-11D3-BF4B-00C04F79EFBC}") = "Tyuiu.ModenovaAP.Sprint5.Task0.V11.Lib", "Tyuiu.ModenovaAP.Sprint5.Task0.V11.Lib\Tyuiu.ModenovaAP.Sprint5.Task0.V11.Lib.csproj", "{23721542-8003-4402-822D-7F779249FA3D}"
EndProject
Project("{FAE04EC0-301F-11D3-BF4B-00C04F79EFBC}") = "Tyuiu.ModenovaAP.Sprint5.Task0.V11.Test", "Tyuiu.ModenovaAP.Sprint5.Task0.V11.Test\Tyuiu.ModenovaAP.Sprint5.Task0.V11.Test.csproj", "{AE43EF0D-540C-4B86-91C2-74183DFF5728}"
EndProject
Project("{2150E333-8FDC-42A3-9474-1A3956D46DE8}") = "Task1", "Task1", "{634E6097-2555-4F7E-9CB0-D81B0CBD329A}"
EndProject
Project("{FAE04EC0-301F-11D3-BF4B-00C04F79EFBC}") = "Tyuiu.ModenovaAP.Sprint5.Task1.V18", "Tyuiu.ModenovaAP.Sprint5.Task1.V18\Tyuiu.ModenovaAP.Sprint5.Task1.V18.csproj", "{1220D59F-1701-43AB-8F10-C10AFEF52590}"
EndProject
Project("{FAE04EC0-301F-11D3-BF4B-00C04F79EFBC}") = "Tyuiu.ModenovaAP.Sprint5.Task1.V18.Lib", "Tyuiu.ModenovaAP.Sprint5.Task1.V18.Lib\Tyuiu.ModenovaAP.Sprint5.Task1.V18.Lib.csproj", "{C85A12D0-FD4B-4329-AFF5-A22937D284EC}"
EndProject
Project("{FAE04EC0-301F-11D3-BF4B-00C04F79EFBC}") = "Tyuiu.ModenovaAP.Sprint5.Task1.V18.Test", "Tyuiu.ModenovaAP.Sprint5.Task1.V18.Test\Tyuiu.ModenovaAP.Sprint5.Task1.V18.Test.csproj", "{644EEED7-FFC2-44A3-9A4D-4EA388716D1F}"
EndProject
Project("{2150E333-8FDC-42A3-9474-1A3956D46DE8}") = "Task2", "Task2", "{97C81E48-C304-4A09-A71C-6663904E469C}"
EndProject
Project("{FAE04EC0-301F-11D3-BF4B-00C04F79EFBC}") = "Tyuiu.ModenovaAP.Sprint5.Task2.V4", "Tyuiu.ModenovaAP.Sprint5.Task2.V4\Tyuiu.ModenovaAP.Sprint5.Task2.V4.csproj", "{38A74839-A896-49D3-8EB0-4572AF7C31AF}"
EndProject
Project("{FAE04EC0-301F-11D3-BF4B-00C04F79EFBC}") = "Tyuiu.ModenovaAP.Sprint5.Task2.V4.Lib", "Tyuiu.ModenovaAP.Sprint5.Task2.V4.Lib\Tyuiu.ModenovaAP.Sprint5.Task2.V4.Lib.csproj", "{9D7BF950-A796-46F3-B6DE-76F334738E91}"
EndProject
Project("{FAE04EC0-301F-11D3-BF4B-00C04F79EFBC}") = "Tyuiu.ModenovaAP.Sprint5.Task2.V4.Test", "Tyuiu.ModenovaAP.Sprint5.Task2.V4.Test\Tyuiu.ModenovaAP.Sprint5.Task2.V4.Test.csproj", "{572883DB-A81A-479B-A7CA-F6BB9BB17961}"
EndProject
Project("{2150E333-8FDC-42A3-9474-1A3956D46DE8}") = "Task3", "Task3", "{1DD3B0F2-A25C-4CF5-A7DE-F94EC21FF069}"
EndProject
Project("{FAE04EC0-301F-11D3-BF4B-00C04F79EFBC}") = "Tyuiu.ModenovaAP.Sprint5.Task3.V6", "Tyuiu.ModenovaAP.Sprint5.Task3.V6\Tyuiu.ModenovaAP.Sprint5.Task3.V6.csproj", "{2C27FA6C-5003-49FB-958E-B3BA60B00268}"
EndProject
Project("{FAE04EC0-301F-11D3-BF4B-00C04F79EFBC}") = "Tyuiu.ModenovaAP.Sprint5.Task3.V6.Lib", "Tyuiu.ModenovaAP.Sprint5.Task3.V6.Lib\Tyuiu.ModenovaAP.Sprint5.Task3.V6.Lib.csproj", "{37CF9DA7-D78A-4906-874C-79C39AE605E3}"
EndProject
Project("{FAE04EC0-301F-11D3-BF4B-00C04F79EFBC}") = "Tyuiu.ModenovaAP.Sprint5.Task3.V6.Test", "Tyuiu.ModenovaAP.Sprint5.Task3.V6.Test\Tyuiu.ModenovaAP.Sprint5.Task3.V6.Test.csproj", "{6ECAA261-86F6-4FDD-9CCD-E9F1C099C41B}"
EndProject
Project("{2150E333-8FDC-42A3-9474-1A3956D46DE8}") = "Task5", "Task5", "{BAEC8C00-9E90-4D71-ACAF-4802DEB210F6}"
EndProject
Project("{FAE04EC0-301F-11D3-BF4B-00C04F79EFBC}") = "Tyuiu.ModenovaAP.Sprint5.Task5.V20", "Tyuiu.ModenovaAP.Sprint5.Task5.V20\Tyuiu.ModenovaAP.Sprint5.Task5.V20.csproj", "{3D9182FA-2CB0-4FA5-947F-258401E1F5A3}"
EndProject
Project("{FAE04EC0-301F-11D3-BF4B-00C04F79EFBC}") = "Tyuiu.ModenovaAP.Sprint5.Task5.V20.Lib", "Tyuiu.ModenovaAP.Sprint5.Task5.V20.Lib\Tyuiu.ModenovaAP.Sprint5.Task5.V20.Lib.csproj", "{F52E112F-FFDD-4B6D-8A31-7BD3FBE98C9C}"
EndProject
Project("{FAE04EC0-301F-11D3-BF4B-00C04F79EFBC}") = "Tyuiu.ModenovaAP.Sprint5.Task5.V20.Test", "Tyuiu.ModenovaAP.Sprint5.Task5.V20.Test\Tyuiu.ModenovaAP.Sprint5.Task5.V20.Test.csproj", "{4A4BC2DC-BB81-4C0C-B799-282AE92A63C7}"
EndProject
Project("{2150E333-8FDC-42A3-9474-1A3956D46DE8}") = "Task4", "Task4", "{10287B49-C5DD-4A2F-9D66-1291F60735EE}"
EndProject
Project("{FAE04EC0-301F-11D3-BF4B-00C04F79EFBC}") = "Tyuiu.ModenovaAP.Sprint5.Task4.V23", "Tyuiu.ModenovaAP.Sprint5.Task4.V23\Tyuiu.ModenovaAP.Sprint5.Task4.V23.csproj", "{E9B8612D-D05C-4EBC-9702-BD119AA4F5E8}"
EndProject
Project("{FAE04EC0-301F-11D3-BF4B-00C04F79EFBC}") = "Tyuiu.ModenovaAP.Sprint5.Task4.V23.Lib", "Tyuiu.ModenovaAP.Sprint5.Task4.V23.Lib\Tyuiu.ModenovaAP.Sprint5.Task4.V23.Lib.csproj", "{0B6598C6-2FB8-40FB-9136-58BEA57023B7}"
EndProject
Project("{FAE04EC0-301F-11D3-BF4B-00C04F79EFBC}") = "Tyuiu.ModenovaAP.Sprint5.Task4.V23.Test", "Tyuiu.ModenovaAP.Sprint5.Task4.V23.Test\Tyuiu.ModenovaAP.Sprint5.Task4.V23.Test.csproj", "{8C4B924F-52CC-40C9-AD1F-668D0155509A}"
EndProject
Project("{2150E333-8FDC-42A3-9474-1A3956D46DE8}") = "Task6", "Task6", "{C7349624-941F-48E8-94A5-CFDEA206C890}"
EndProject
Project("{FAE04EC0-301F-11D3-BF4B-00C04F79EFBC}") = "Tyuiu.ModenovaAP.Sprint5.Task6.V23", "Tyuiu.ModenovaAP.Sprint5.Task6.V23\Tyuiu.ModenovaAP.Sprint5.Task6.V23.csproj", "{D9606999-37D5-45DB-9441-2E933B7762AD}"
EndProject
Project("{FAE04EC0-301F-11D3-BF4B-00C04F79EFBC}") = "Tyuiu.ModenovaAP.Sprint5.Task6.V23.Lib", "Tyuiu.ModenovaAP.Sprint5.Task6.V23.Lib\Tyuiu.ModenovaAP.Sprint5.Task6.V23.Lib.csproj", "{565CDD58-2D9F-4BC6-9284-ADF2880CCADF}"
EndProject
Project("{FAE04EC0-301F-11D3-BF4B-00C04F79EFBC}") = "Tyuiu.ModenovaAP.Sprint5.Task6.V23.Test", "Tyuiu.ModenovaAP.Sprint5.Task6.V23.Test\Tyuiu.ModenovaAP.Sprint5.Task6.V23.Test.csproj", "{78F6C651-F6E9-4710-8F31-5E64D7C0C590}"
EndProject
Global
	GlobalSection(SolutionConfigurationPlatforms) = preSolution
		Debug|Any CPU = Debug|Any CPU
		Release|Any CPU = Release|Any CPU
	EndGlobalSection
	GlobalSection(ProjectConfigurationPlatforms) = postSolution
		{0347A8A1-1360-4DF3-BAA6-FA0278986989}.Debug|Any CPU.ActiveCfg = Debug|Any CPU
		{0347A8A1-1360-4DF3-BAA6-FA0278986989}.Debug|Any CPU.Build.0 = Debug|Any CPU
		{0347A8A1-1360-4DF3-BAA6-FA0278986989}.Release|Any CPU.ActiveCfg = Release|Any CPU
		{0347A8A1-1360-4DF3-BAA6-FA0278986989}.Release|Any CPU.Build.0 = Release|Any CPU
		{23721542-8003-4402-822D-7F779249FA3D}.Debug|Any CPU.ActiveCfg = Debug|Any CPU
		{23721542-8003-4402-822D-7F779249FA3D}.Debug|Any CPU.Build.0 = Debug|Any CPU
		{23721542-8003-4402-822D-7F779249FA3D}.Release|Any CPU.ActiveCfg = Release|Any CPU
		{23721542-8003-4402-822D-7F779249FA3D}.Release|Any CPU.Build.0 = Release|Any CPU
		{AE43EF0D-540C-4B86-91C2-74183DFF5728}.Debug|Any CPU.ActiveCfg = Debug|Any CPU
		{AE43EF0D-540C-4B86-91C2-74183DFF5728}.Debug|Any CPU.Build.0 = Debug|Any CPU
		{AE43EF0D-540C-4B86-91C2-74183DFF5728}.Release|Any CPU.ActiveCfg = Release|Any CPU
		{AE43EF0D-540C-4B86-91C2-74183DFF5728}.Release|Any CPU.Build.0 = Release|Any CPU
		{1220D59F-1701-43AB-8F10-C10AFEF52590}.Debug|Any CPU.ActiveCfg = Debug|Any CPU
		{1220D59F-1701-43AB-8F10-C10AFEF52590}.Debug|Any CPU.Build.0 = Debug|Any CPU
		{1220D59F-1701-43AB-8F10-C10AFEF52590}.Release|Any CPU.ActiveCfg = Release|Any CPU
		{1220D59F-1701-43AB-8F10-C10AFEF52590}.Release|Any CPU.Build.0 = Release|Any CPU
		{C85A12D0-FD4B-4329-AFF5-A22937D284EC}.Debug|Any CPU.ActiveCfg = Debug|Any CPU
		{C85A12D0-FD4B-4329-AFF5-A22937D284EC}.Debug|Any CPU.Build.0 = Debug|Any CPU
		{C85A12D0-FD4B-4329-AFF5-A22937D284EC}.Release|Any CPU.ActiveCfg = Release|Any CPU
		{C85A12D0-FD4B-4329-AFF5-A22937D284EC}.Release|Any CPU.Build.0 = Release|Any CPU
		{644EEED7-FFC2-44A3-9A4D-4EA388716D1F}.Debug|Any CPU.ActiveCfg = Debug|Any CPU
		{644EEED7-FFC2-44A3-9A4D-4EA388716D1F}.Debug|Any CPU.Build.0 = Debug|Any CPU
		{644EEED7-FFC2-44A3-9A4D-4EA388716D1F}.Release|Any CPU.ActiveCfg = Release|Any CPU
		{644EEED7-FFC2-44A3-9A4D-4EA388716D1F}.Release|Any CPU.Build.0 = Release|Any CPU
		{38A74839-A896-49D3-8EB0-4572AF7C31AF}.Debug|Any CPU.ActiveCfg = Debug|Any CPU
		{38A74839-A896-49D3-8EB0-4572AF7C31AF}.Debug|Any CPU.Build.0 = Debug|Any CPU
		{38A74839-A896-49D3-8EB0-4572AF7C31AF}.Release|Any CPU.ActiveCfg = Release|Any CPU
		{38A74839-A896-49D3-8EB0-4572AF7C31AF}.Release|Any CPU.Build.0 = Release|Any CPU
		{9D7BF950-A796-46F3-B6DE-76F334738E91}.Debug|Any CPU.ActiveCfg = Debug|Any CPU
		{9D7BF950-A796-46F3-B6DE-76F334738E91}.Debug|Any CPU.Build.0 = Debug|Any CPU
		{9D7BF950-A796-46F3-B6DE-76F334738E91}.Release|Any CPU.ActiveCfg = Release|Any CPU
		{9D7BF950-A796-46F3-B6DE-76F334738E91}.Release|Any CPU.Build.0 = Release|Any CPU
		{572883DB-A81A-479B-A7CA-F6BB9BB17961}.Debug|Any CPU.ActiveCfg = Debug|Any CPU
		{572883DB-A81A-479B-A7CA-F6BB9BB17961}.Debug|Any CPU.Build.0 = Debug|Any CPU
		{572883DB-A81A-479B-A7CA-F6BB9BB17961}.Release|Any CPU.ActiveCfg = Release|Any CPU
		{572883DB-A81A-479B-A7CA-F6BB9BB17961}.Release|Any CPU.Build.0 = Release|Any CPU
		{2C27FA6C-5003-49FB-958E-B3BA60B00268}.Debug|Any CPU.ActiveCfg = Debug|Any CPU
		{2C27FA6C-5003-49FB-958E-B3BA60B00268}.Debug|Any CPU.Build.0 = Debug|Any CPU
		{2C27FA6C-5003-49FB-958E-B3BA60B00268}.Release|Any CPU.ActiveCfg = Release|Any CPU
		{2C27FA6C-5003-49FB-958E-B3BA60B00268}.Release|Any CPU.Build.0 = Release|Any CPU
		{37CF9DA7-D78A-4906-874C-79C39AE605E3}.Debug|Any CPU.ActiveCfg = Debug|Any CPU
		{37CF9DA7-D78A-4906-874C-79C39AE605E3}.Debug|Any CPU.Build.0 = Debug|Any CPU
		{37CF9DA7-D78A-4906-874C-79C39AE605E3}.Release|Any CPU.ActiveCfg = Release|Any CPU
		{37CF9DA7-D78A-4906-874C-79C39AE605E3}.Release|Any CPU.Build.0 = Release|Any CPU
		{6ECAA261-86F6-4FDD-9CCD-E9F1C099C41B}.Debug|Any CPU.ActiveCfg = Debug|Any CPU
		{6ECAA261-86F6-4FDD-9CCD-E9F1C099C41B}.Debug|Any CPU.Build.0 = Debug|Any CPU
		{6ECAA261-86F6-4FDD-9CCD-E9F1C099C41B}.Release|Any CPU.ActiveCfg = Release|Any CPU
		{6ECAA261-86F6-4FDD-9CCD-E9F1C099C41B}.Release|Any CPU.Build.0 = Release|Any CPU
		{3D9182FA-2CB0-4FA5-947F-258401E1F5A3}.Debug|Any CPU.ActiveCfg = Debug|Any CPU
		{3D9182FA-2CB0-4FA5-947F-258401E1F5A3}.Debug|Any CPU.Build.0 = Debug|Any CPU
		{3D9182FA-2CB0-4FA5-947F-258401E1F5A3}.Release|Any CPU.ActiveCfg = Release|Any CPU
		{3D9182FA-2CB0-4FA5-947F-258401E1F5A3}.Release|Any CPU.Build.0 = Release|Any CPU
		{F52E112F-FFDD-4B6D-8A31-7BD3FBE98C9C}.Debug|Any CPU.ActiveCfg = Debug|Any CPU
		{F52E112F-FFDD-4B6D-8A31-7BD3FBE98C9C}.Debug|Any CPU.Build.0 = Debug|Any CPU
		{F52E112F-FFDD-4B6D-8A31-7BD3FBE98C9C}.Release|Any CPU.ActiveCfg = Release|Any CPU
		{F52E112F-FFDD-4B6D-8A31-7BD3FBE98C9C}.Release|Any CPU.Build.0 = Release|Any CPU
		{4A4BC2DC-BB81-4C0C-B799-282AE92A63C7}.Debug|Any CPU.ActiveCfg = Debug|Any CPU
		{4A4BC2DC-BB81-4C0C-B799-282AE92A63C7}.Debug|Any CPU.Build.0 = Debug|Any CPU
		{4A4BC2DC-BB81-4C0C-B799-282AE92A63C7}.Release|Any CPU.ActiveCfg = Release|Any CPU
		{4A4BC2DC-BB81-4C0C-B799-282AE92A63C7}.Release|Any CPU.Build.0 = Release|Any CPU
		{E9B8612D-D05C-4EBC-9702-BD119AA4F5E8}.Debug|Any CPU.ActiveCfg = Debug|Any CPU
		{E9B8612D-D05C-4EBC-9702-BD119AA4F5E8}.Debug|Any CPU.Build.0 = Debug|Any CPU
		{E9B8612D-D05C-4EBC-9702-BD119AA4F5E8}.Release|Any CPU.ActiveCfg = Release|Any CPU
		{E9B8612D-D05C-4EBC-9702-BD119AA4F5E8}.Release|Any CPU.Build.0 = Release|Any CPU
		{0B6598C6-2FB8-40FB-9136-58BEA57023B7}.Debug|Any CPU.ActiveCfg = Debug|Any CPU
		{0B6598C6-2FB8-40FB-9136-58BEA57023B7}.Debug|Any CPU.Build.0 = Debug|Any CPU
		{0B6598C6-2FB8-40FB-9136-58BEA57023B7}.Release|Any CPU.ActiveCfg = Release|Any CPU
		{0B6598C6-2FB8-40FB-9136-58BEA57023B7}.Release|Any CPU.Build.0 = Release|Any CPU
		{8C4B924F-52CC-40C9-AD1F-668D0155509A}.Debug|Any CPU.ActiveCfg = Debug|Any CPU
		{8C4B924F-52CC-40C9-AD1F-668D0155509A}.Debug|Any CPU.Build.0 = Debug|Any CPU
		{8C4B924F-52CC-40C9-AD1F-668D0155509A}.Release|Any CPU.ActiveCfg = Release|Any CPU
		{8C4B924F-52CC-40C9-AD1F-668D0155509A}.Release|Any CPU.Build.0 = Release|Any CPU
		{D9606999-37D5-45DB-9441-2E933B7762AD}.Debug|Any CPU.ActiveCfg = Debug|Any CPU
		{D9606999-37D5-45DB-9441-2E933B7762AD}.Debug|Any CPU.Build.0 = Debug|Any CPU
		{D9606999-37D5-45DB-9441-2E933B7762AD}.Release|Any CPU.ActiveCfg = Release|Any CPU
		{D9606999-37D5-45DB-9441-2E933B7762AD}.Release|Any CPU.Build.0 = Release|Any CPU
		{565CDD58-2D9F-4BC6-9284-ADF2880CCADF}.Debug|Any CPU.ActiveCfg = Debug|Any CPU
		{565CDD58-2D9F-4BC6-9284-ADF2880CCADF}.Debug|Any CPU.Build.0 = Debug|Any CPU
		{565CDD58-2D9F-4BC6-9284-ADF2880CCADF}.Release|Any CPU.ActiveCfg = Release|Any CPU
		{565CDD58-2D9F-4BC6-9284-ADF2880CCADF}.Release|Any CPU.Build.0 = Release|Any CPU
		{78F6C651-F6E9-4710-8F31-5E64D7C0C590}.Debug|Any CPU.ActiveCfg = Debug|Any CPU
		{78F6C651-F6E9-4710-8F31-5E64D7C0C590}.Debug|Any CPU.Build.0 = Debug|Any CPU
		{78F6C651-F6E9-4710-8F31-5E64D7C0C590}.Release|Any CPU.ActiveCfg = Release|Any CPU
		{78F6C651-F6E9-4710-8F31-5E64D7C0C590}.Release|Any CPU.Build.0 = Release|Any CPU
	EndGlobalSection
	GlobalSection(SolutionProperties) = preSolution
		HideSolutionNode = FALSE
	EndGlobalSection
	GlobalSection(NestedProjects) = preSolution
		{0347A8A1-1360-4DF3-BAA6-FA0278986989} = {CF033BEA-F9D3-4B34-BFDE-85E9A3890D59}
		{23721542-8003-4402-822D-7F779249FA3D} = {CF033BEA-F9D3-4B34-BFDE-85E9A3890D59}
		{AE43EF0D-540C-4B86-91C2-74183DFF5728} = {CF033BEA-F9D3-4B34-BFDE-85E9A3890D59}
		{1220D59F-1701-43AB-8F10-C10AFEF52590} = {634E6097-2555-4F7E-9CB0-D81B0CBD329A}
		{C85A12D0-FD4B-4329-AFF5-A22937D284EC} = {634E6097-2555-4F7E-9CB0-D81B0CBD329A}
		{644EEED7-FFC2-44A3-9A4D-4EA388716D1F} = {634E6097-2555-4F7E-9CB0-D81B0CBD329A}
		{38A74839-A896-49D3-8EB0-4572AF7C31AF} = {97C81E48-C304-4A09-A71C-6663904E469C}
		{9D7BF950-A796-46F3-B6DE-76F334738E91} = {97C81E48-C304-4A09-A71C-6663904E469C}
		{572883DB-A81A-479B-A7CA-F6BB9BB17961} = {97C81E48-C304-4A09-A71C-6663904E469C}
		{2C27FA6C-5003-49FB-958E-B3BA60B00268} = {1DD3B0F2-A25C-4CF5-A7DE-F94EC21FF069}
		{37CF9DA7-D78A-4906-874C-79C39AE605E3} = {1DD3B0F2-A25C-4CF5-A7DE-F94EC21FF069}
		{6ECAA261-86F6-4FDD-9CCD-E9F1C099C41B} = {1DD3B0F2-A25C-4CF5-A7DE-F94EC21FF069}
		{3D9182FA-2CB0-4FA5-947F-258401E1F5A3} = {BAEC8C00-9E90-4D71-ACAF-4802DEB210F6}
		{F52E112F-FFDD-4B6D-8A31-7BD3FBE98C9C} = {BAEC8C00-9E90-4D71-ACAF-4802DEB210F6}
		{4A4BC2DC-BB81-4C0C-B799-282AE92A63C7} = {BAEC8C00-9E90-4D71-ACAF-4802DEB210F6}
		{E9B8612D-D05C-4EBC-9702-BD119AA4F5E8} = {10287B49-C5DD-4A2F-9D66-1291F60735EE}
		{0B6598C6-2FB8-40FB-9136-58BEA57023B7} = {10287B49-C5DD-4A2F-9D66-1291F60735EE}
		{8C4B924F-52CC-40C9-AD1F-668D0155509A} = {10287B49-C5DD-4A2F-9D66-1291F60735EE}
		{D9606999-37D5-45DB-9441-2E933B7762AD} = {C7349624-941F-48E8-94A5-CFDEA206C890}
		{565CDD58-2D9F-4BC6-9284-ADF2880CCADF} = {C7349624-941F-48E8-94A5-CFDEA206C890}
		{78F6C651-F6E9-4710-8F31-5E64D7C0C590} = {C7349624-941F-48E8-94A5-CFDEA206C890}
	EndGlobalSection
	GlobalSection(ExtensibilityGlobals) = postSolution
		SolutionGuid = {8FE7C220-AC59-4467-BAC5-DEEDEB9F41D0}
	EndGlobalSection
EndGlobal
